// !$*UTF8*$!
{
	archiveVersion = 1;
	classes = {
	};
	objectVersion = 46;
	objects = {

/* Begin PBXBuildFile section */
		B90B6B29DD5620CE7F6F4AEA /* Pods_FlickrViper.framework in Frameworks */ = {isa = PBXBuildFile; fileRef = 80D0C8B4501FF85FA0A828E7 /* Pods_FlickrViper.framework */; };
		CE0864301F27D98A00F9D10E /* SettingsModuleAssembly.m in Sources */ = {isa = PBXBuildFile; fileRef = CE0864151F27D98A00F9D10E /* SettingsModuleAssembly.m */; };
		CE0864321F27D98A00F9D10E /* SettingsModuleInteractor.m in Sources */ = {isa = PBXBuildFile; fileRef = CE08641B1F27D98A00F9D10E /* SettingsModuleInteractor.m */; };
		CE0864331F27D98A00F9D10E /* SettingsModulePresenter.m in Sources */ = {isa = PBXBuildFile; fileRef = CE08641E1F27D98A00F9D10E /* SettingsModulePresenter.m */; };
		CE0864341F27D98A00F9D10E /* SettingsModuleRouter.m in Sources */ = {isa = PBXBuildFile; fileRef = CE0864291F27D98A00F9D10E /* SettingsModuleRouter.m */; };
		CE0864351F27D98A00F9D10E /* Settings.storyboard in Resources */ = {isa = PBXBuildFile; fileRef = CE08642B1F27D98A00F9D10E /* Settings.storyboard */; };
		CE0864371F27D98A00F9D10E /* SettingsModuleViewController.m in Sources */ = {isa = PBXBuildFile; fileRef = CE08642F1F27D98A00F9D10E /* SettingsModuleViewController.m */; };
		CE60B2161F24151200099669 /* AssemblyFactory.m in Sources */ = {isa = PBXBuildFile; fileRef = CE60B2151F24151200099669 /* AssemblyFactory.m */; };
		CECD51541F3629B200D634E3 /* PhotoCollectionFlowLayout.m in Sources */ = {isa = PBXBuildFile; fileRef = CECD51531F3629B200D634E3 /* PhotoCollectionFlowLayout.m */; };
		CECD51761F36439200D634E3 /* PhotoCardDetailsModuleAssembly.m in Sources */ = {isa = PBXBuildFile; fileRef = CECD51581F36439200D634E3 /* PhotoCardDetailsModuleAssembly.m */; };
		CECD51781F36439200D634E3 /* PhotoCardDetailsModuleInteractor.m in Sources */ = {isa = PBXBuildFile; fileRef = CECD515E1F36439200D634E3 /* PhotoCardDetailsModuleInteractor.m */; };
		CECD51791F36439200D634E3 /* PhotoCardDetailsModulePresenter.m in Sources */ = {isa = PBXBuildFile; fileRef = CECD51611F36439200D634E3 /* PhotoCardDetailsModulePresenter.m */; };
		CECD517A1F36439200D634E3 /* PhotoCardDetailsModuleRouter.m in Sources */ = {isa = PBXBuildFile; fileRef = CECD516C1F36439200D634E3 /* PhotoCardDetailsModuleRouter.m */; };
		CECD517C1F36439200D634E3 /* PhotoCardDetails.storyboard in Resources */ = {isa = PBXBuildFile; fileRef = CECD51711F36439200D634E3 /* PhotoCardDetails.storyboard */; };
		CECD517E1F36439200D634E3 /* PhotoCardDetailsModuleViewController.m in Sources */ = {isa = PBXBuildFile; fileRef = CECD51751F36439200D634E3 /* PhotoCardDetailsModuleViewController.m */; };
		E5328F5A1F1612C20033A8EB /* TabEntity.m in Sources */ = {isa = PBXBuildFile; fileRef = E5328F591F1612C20033A8EB /* TabEntity.m */; };
		E5328F761F161F840033A8EB /* PhotoCollectionModuleAssembly.m in Sources */ = {isa = PBXBuildFile; fileRef = E5328F601F161F840033A8EB /* PhotoCollectionModuleAssembly.m */; };
		E5328F771F161F840033A8EB /* PhotoCollectionModuleInteractor.m in Sources */ = {isa = PBXBuildFile; fileRef = E5328F641F161F840033A8EB /* PhotoCollectionModuleInteractor.m */; };
		E5328F781F161F840033A8EB /* PhotoCollectionModulePresenter.m in Sources */ = {isa = PBXBuildFile; fileRef = E5328F671F161F840033A8EB /* PhotoCollectionModulePresenter.m */; };
		E5328F791F161F840033A8EB /* PhotoCollectionModuleRouter.m in Sources */ = {isa = PBXBuildFile; fileRef = E5328F721F161F840033A8EB /* PhotoCollectionModuleRouter.m */; };
		E5328F7A1F161F840033A8EB /* PhotoCollectionModuleViewController.m in Sources */ = {isa = PBXBuildFile; fileRef = E5328F751F161F840033A8EB /* PhotoCollectionModuleViewController.m */; };
		E5328F7C1F1757F20033A8EB /* Authorization.storyboard in Resources */ = {isa = PBXBuildFile; fileRef = E5328F7B1F1757F20033A8EB /* Authorization.storyboard */; };
		E54827AD1F190F8E005BEC40 /* PhotoCollection.storyboard in Resources */ = {isa = PBXBuildFile; fileRef = E54827AC1F190F8E005BEC40 /* PhotoCollection.storyboard */; };
		E54827B11F191233005BEC40 /* PhotoCollectionCell.m in Sources */ = {isa = PBXBuildFile; fileRef = E54827AF1F191233005BEC40 /* PhotoCollectionCell.m */; };
		E54827B51F191362005BEC40 /* PhotoCardEntity.m in Sources */ = {isa = PBXBuildFile; fileRef = E54827B41F191362005BEC40 /* PhotoCardEntity.m */; };
		E54FBB291F1387DD0052F6CE /* FVAppDelegate.m in Sources */ = {isa = PBXBuildFile; fileRef = E54FBB231F1387DD0052F6CE /* FVAppDelegate.m */; };
		E54FBB2A1F1387DD0052F6CE /* FVApplicationAssembly.m in Sources */ = {isa = PBXBuildFile; fileRef = E54FBB251F1387DD0052F6CE /* FVApplicationAssembly.m */; };
		E54FBB721F1387E30052F6CE /* TabBarModuleAssembly.m in Sources */ = {isa = PBXBuildFile; fileRef = E54FBB531F1387E30052F6CE /* TabBarModuleAssembly.m */; };
		E54FBB731F1387E30052F6CE /* TabBarModuleInteractor.m in Sources */ = {isa = PBXBuildFile; fileRef = E54FBB581F1387E30052F6CE /* TabBarModuleInteractor.m */; };
		E54FBB741F1387E30052F6CE /* TabBarModulePresenter.m in Sources */ = {isa = PBXBuildFile; fileRef = E54FBB5B1F1387E30052F6CE /* TabBarModulePresenter.m */; };
		E54FBB751F1387E30052F6CE /* TabBarModuleRouter.m in Sources */ = {isa = PBXBuildFile; fileRef = E54FBB661F1387E30052F6CE /* TabBarModuleRouter.m */; };
		E54FBB761F1387E30052F6CE /* TabBarModuleViewController.m in Sources */ = {isa = PBXBuildFile; fileRef = E54FBB691F1387E30052F6CE /* TabBarModuleViewController.m */; };
		E54FBB7A1F1399B00052F6CE /* ModuleFactory.m in Sources */ = {isa = PBXBuildFile; fileRef = E54FBB791F1399B00052F6CE /* ModuleFactory.m */; };
		E5819B8C1EC9A24E00B5B33F /* main.m in Sources */ = {isa = PBXBuildFile; fileRef = E5819B8B1EC9A24E00B5B33F /* main.m */; };
		E5819BB71EC9B2CA00B5B33F /* Assets.xcassets in Resources */ = {isa = PBXBuildFile; fileRef = E5819BAD1EC9B2CA00B5B33F /* Assets.xcassets */; };
		E5819BB81EC9B2CA00B5B33F /* LaunchScreen.storyboard in Resources */ = {isa = PBXBuildFile; fileRef = E5819BAF1EC9B2CA00B5B33F /* LaunchScreen.storyboard */; };
		E5819BB91EC9B2CA00B5B33F /* Main.storyboard in Resources */ = {isa = PBXBuildFile; fileRef = E5819BB11EC9B2CA00B5B33F /* Main.storyboard */; };
		E5B9527B1F151B1E00081C83 /* AuthorizationModuleAssembly.m in Sources */ = {isa = PBXBuildFile; fileRef = E5B952641F151B1E00081C83 /* AuthorizationModuleAssembly.m */; };
		E5B9527C1F151B1E00081C83 /* AuthorizationModuleInteractor.m in Sources */ = {isa = PBXBuildFile; fileRef = E5B952691F151B1E00081C83 /* AuthorizationModuleInteractor.m */; };
		E5B9527D1F151B1E00081C83 /* AuthorizationModulePresenter.m in Sources */ = {isa = PBXBuildFile; fileRef = E5B9526C1F151B1E00081C83 /* AuthorizationModulePresenter.m */; };
		E5B9527E1F151B1E00081C83 /* AuthorizationModuleRouter.m in Sources */ = {isa = PBXBuildFile; fileRef = E5B952771F151B1E00081C83 /* AuthorizationModuleRouter.m */; };
		E5B9527F1F151B1E00081C83 /* AuthorizationModuleViewController.m in Sources */ = {isa = PBXBuildFile; fileRef = E5B9527A1F151B1E00081C83 /* AuthorizationModuleViewController.m */; };
/* End PBXBuildFile section */

/* Begin PBXFileReference section */
		80D0C8B4501FF85FA0A828E7 /* Pods_FlickrViper.framework */ = {isa = PBXFileReference; explicitFileType = wrapper.framework; includeInIndex = 0; path = Pods_FlickrViper.framework; sourceTree = BUILT_PRODUCTS_DIR; };
		8B98AE677D153303B28DCFD6 /* Pods-FlickrViper.debug.xcconfig */ = {isa = PBXFileReference; includeInIndex = 1; lastKnownFileType = text.xcconfig; name = "Pods-FlickrViper.debug.xcconfig"; path = "Pods/Target Support Files/Pods-FlickrViper/Pods-FlickrViper.debug.xcconfig"; sourceTree = "<group>"; };
		B8F2EC9A2E46F3D10CBCC779 /* Pods-FlickrViper.release.xcconfig */ = {isa = PBXFileReference; includeInIndex = 1; lastKnownFileType = text.xcconfig; name = "Pods-FlickrViper.release.xcconfig"; path = "Pods/Target Support Files/Pods-FlickrViper/Pods-FlickrViper.release.xcconfig"; sourceTree = "<group>"; };
		CE0864111F24FB7B00F9D10E /* ModuleFactoryProtocol.h */ = {isa = PBXFileReference; lastKnownFileType = sourcecode.c.h; path = ModuleFactoryProtocol.h; sourceTree = "<group>"; };
		CE0864141F27D98A00F9D10E /* SettingsModuleAssembly.h */ = {isa = PBXFileReference; fileEncoding = 4; lastKnownFileType = sourcecode.c.h; path = SettingsModuleAssembly.h; sourceTree = "<group>"; };
		CE0864151F27D98A00F9D10E /* SettingsModuleAssembly.m */ = {isa = PBXFileReference; fileEncoding = 4; lastKnownFileType = sourcecode.c.objc; path = SettingsModuleAssembly.m; sourceTree = "<group>"; };
		CE08641A1F27D98A00F9D10E /* SettingsModuleInteractor.h */ = {isa = PBXFileReference; fileEncoding = 4; lastKnownFileType = sourcecode.c.h; path = SettingsModuleInteractor.h; sourceTree = "<group>"; };
		CE08641B1F27D98A00F9D10E /* SettingsModuleInteractor.m */ = {isa = PBXFileReference; fileEncoding = 4; lastKnownFileType = sourcecode.c.objc; path = SettingsModuleInteractor.m; sourceTree = "<group>"; };
		CE08641D1F27D98A00F9D10E /* SettingsModulePresenter.h */ = {isa = PBXFileReference; fileEncoding = 4; lastKnownFileType = sourcecode.c.h; path = SettingsModulePresenter.h; sourceTree = "<group>"; };
		CE08641E1F27D98A00F9D10E /* SettingsModulePresenter.m */ = {isa = PBXFileReference; fileEncoding = 4; lastKnownFileType = sourcecode.c.objc; path = SettingsModulePresenter.m; sourceTree = "<group>"; };
		CE0864201F27D98A00F9D10E /* SettingsModuleInput.h */ = {isa = PBXFileReference; fileEncoding = 4; lastKnownFileType = sourcecode.c.h; path = SettingsModuleInput.h; sourceTree = "<group>"; };
		CE0864211F27D98A00F9D10E /* SettingsModuleInteractorInput.h */ = {isa = PBXFileReference; fileEncoding = 4; lastKnownFileType = sourcecode.c.h; path = SettingsModuleInteractorInput.h; sourceTree = "<group>"; };
		CE0864221F27D98A00F9D10E /* SettingsModuleInteractorOutput.h */ = {isa = PBXFileReference; fileEncoding = 4; lastKnownFileType = sourcecode.c.h; path = SettingsModuleInteractorOutput.h; sourceTree = "<group>"; };
		CE0864231F27D98A00F9D10E /* SettingsModuleOutput.h */ = {isa = PBXFileReference; fileEncoding = 4; lastKnownFileType = sourcecode.c.h; path = SettingsModuleOutput.h; sourceTree = "<group>"; };
		CE0864241F27D98A00F9D10E /* SettingsModuleRouterInput.h */ = {isa = PBXFileReference; fileEncoding = 4; lastKnownFileType = sourcecode.c.h; path = SettingsModuleRouterInput.h; sourceTree = "<group>"; };
		CE0864251F27D98A00F9D10E /* SettingsModuleViewInput.h */ = {isa = PBXFileReference; fileEncoding = 4; lastKnownFileType = sourcecode.c.h; path = SettingsModuleViewInput.h; sourceTree = "<group>"; };
		CE0864261F27D98A00F9D10E /* SettingsModuleViewOutput.h */ = {isa = PBXFileReference; fileEncoding = 4; lastKnownFileType = sourcecode.c.h; path = SettingsModuleViewOutput.h; sourceTree = "<group>"; };
		CE0864281F27D98A00F9D10E /* SettingsModuleRouter.h */ = {isa = PBXFileReference; fileEncoding = 4; lastKnownFileType = sourcecode.c.h; path = SettingsModuleRouter.h; sourceTree = "<group>"; };
		CE0864291F27D98A00F9D10E /* SettingsModuleRouter.m */ = {isa = PBXFileReference; fileEncoding = 4; lastKnownFileType = sourcecode.c.objc; path = SettingsModuleRouter.m; sourceTree = "<group>"; };
		CE08642B1F27D98A00F9D10E /* Settings.storyboard */ = {isa = PBXFileReference; fileEncoding = 4; lastKnownFileType = file.storyboard; path = Settings.storyboard; sourceTree = "<group>"; };
		CE08642E1F27D98A00F9D10E /* SettingsModuleViewController.h */ = {isa = PBXFileReference; fileEncoding = 4; lastKnownFileType = sourcecode.c.h; path = SettingsModuleViewController.h; sourceTree = "<group>"; };
		CE08642F1F27D98A00F9D10E /* SettingsModuleViewController.m */ = {isa = PBXFileReference; fileEncoding = 4; lastKnownFileType = sourcecode.c.objc; path = SettingsModuleViewController.m; sourceTree = "<group>"; };
		CE60B2141F24151200099669 /* AssemblyFactory.h */ = {isa = PBXFileReference; fileEncoding = 4; lastKnownFileType = sourcecode.c.h; path = AssemblyFactory.h; sourceTree = "<group>"; };
		CE60B2151F24151200099669 /* AssemblyFactory.m */ = {isa = PBXFileReference; fileEncoding = 4; lastKnownFileType = sourcecode.c.objc; path = AssemblyFactory.m; sourceTree = "<group>"; };
		CECD51521F3629B200D634E3 /* PhotoCollectionFlowLayout.h */ = {isa = PBXFileReference; fileEncoding = 4; lastKnownFileType = sourcecode.c.h; name = PhotoCollectionFlowLayout.h; path = FlowLayout/PhotoCollectionFlowLayout.h; sourceTree = "<group>"; };
		CECD51531F3629B200D634E3 /* PhotoCollectionFlowLayout.m */ = {isa = PBXFileReference; fileEncoding = 4; lastKnownFileType = sourcecode.c.objc; name = PhotoCollectionFlowLayout.m; path = FlowLayout/PhotoCollectionFlowLayout.m; sourceTree = "<group>"; };
		CECD51571F36439200D634E3 /* PhotoCardDetailsModuleAssembly.h */ = {isa = PBXFileReference; fileEncoding = 4; lastKnownFileType = sourcecode.c.h; path = PhotoCardDetailsModuleAssembly.h; sourceTree = "<group>"; };
		CECD51581F36439200D634E3 /* PhotoCardDetailsModuleAssembly.m */ = {isa = PBXFileReference; fileEncoding = 4; lastKnownFileType = sourcecode.c.objc; path = PhotoCardDetailsModuleAssembly.m; sourceTree = "<group>"; };
		CECD515D1F36439200D634E3 /* PhotoCardDetailsModuleInteractor.h */ = {isa = PBXFileReference; fileEncoding = 4; lastKnownFileType = sourcecode.c.h; path = PhotoCardDetailsModuleInteractor.h; sourceTree = "<group>"; };
		CECD515E1F36439200D634E3 /* PhotoCardDetailsModuleInteractor.m */ = {isa = PBXFileReference; fileEncoding = 4; lastKnownFileType = sourcecode.c.objc; path = PhotoCardDetailsModuleInteractor.m; sourceTree = "<group>"; };
		CECD51601F36439200D634E3 /* PhotoCardDetailsModulePresenter.h */ = {isa = PBXFileReference; fileEncoding = 4; lastKnownFileType = sourcecode.c.h; path = PhotoCardDetailsModulePresenter.h; sourceTree = "<group>"; };
		CECD51611F36439200D634E3 /* PhotoCardDetailsModulePresenter.m */ = {isa = PBXFileReference; fileEncoding = 4; lastKnownFileType = sourcecode.c.objc; path = PhotoCardDetailsModulePresenter.m; sourceTree = "<group>"; };
		CECD51631F36439200D634E3 /* PhotoCardDetailsModuleInput.h */ = {isa = PBXFileReference; fileEncoding = 4; lastKnownFileType = sourcecode.c.h; path = PhotoCardDetailsModuleInput.h; sourceTree = "<group>"; };
		CECD51641F36439200D634E3 /* PhotoCardDetailsModuleInteractorInput.h */ = {isa = PBXFileReference; fileEncoding = 4; lastKnownFileType = sourcecode.c.h; path = PhotoCardDetailsModuleInteractorInput.h; sourceTree = "<group>"; };
		CECD51651F36439200D634E3 /* PhotoCardDetailsModuleInteractorOutput.h */ = {isa = PBXFileReference; fileEncoding = 4; lastKnownFileType = sourcecode.c.h; path = PhotoCardDetailsModuleInteractorOutput.h; sourceTree = "<group>"; };
		CECD51661F36439200D634E3 /* PhotoCardDetailsModuleOutput.h */ = {isa = PBXFileReference; fileEncoding = 4; lastKnownFileType = sourcecode.c.h; path = PhotoCardDetailsModuleOutput.h; sourceTree = "<group>"; };
		CECD51671F36439200D634E3 /* PhotoCardDetailsModuleRouterInput.h */ = {isa = PBXFileReference; fileEncoding = 4; lastKnownFileType = sourcecode.c.h; path = PhotoCardDetailsModuleRouterInput.h; sourceTree = "<group>"; };
		CECD51681F36439200D634E3 /* PhotoCardDetailsModuleViewInput.h */ = {isa = PBXFileReference; fileEncoding = 4; lastKnownFileType = sourcecode.c.h; path = PhotoCardDetailsModuleViewInput.h; sourceTree = "<group>"; };
		CECD51691F36439200D634E3 /* PhotoCardDetailsModuleViewOutput.h */ = {isa = PBXFileReference; fileEncoding = 4; lastKnownFileType = sourcecode.c.h; path = PhotoCardDetailsModuleViewOutput.h; sourceTree = "<group>"; };
		CECD516B1F36439200D634E3 /* PhotoCardDetailsModuleRouter.h */ = {isa = PBXFileReference; fileEncoding = 4; lastKnownFileType = sourcecode.c.h; path = PhotoCardDetailsModuleRouter.h; sourceTree = "<group>"; };
		CECD516C1F36439200D634E3 /* PhotoCardDetailsModuleRouter.m */ = {isa = PBXFileReference; fileEncoding = 4; lastKnownFileType = sourcecode.c.objc; path = PhotoCardDetailsModuleRouter.m; sourceTree = "<group>"; };
		CECD51711F36439200D634E3 /* PhotoCardDetails.storyboard */ = {isa = PBXFileReference; fileEncoding = 4; lastKnownFileType = file.storyboard; path = PhotoCardDetails.storyboard; sourceTree = "<group>"; };
		CECD51741F36439200D634E3 /* PhotoCardDetailsModuleViewController.h */ = {isa = PBXFileReference; fileEncoding = 4; lastKnownFileType = sourcecode.c.h; path = PhotoCardDetailsModuleViewController.h; sourceTree = "<group>"; };
		CECD51751F36439200D634E3 /* PhotoCardDetailsModuleViewController.m */ = {isa = PBXFileReference; fileEncoding = 4; lastKnownFileType = sourcecode.c.objc; path = PhotoCardDetailsModuleViewController.m; sourceTree = "<group>"; };
		E5328F591F1612C20033A8EB /* TabEntity.m */ = {isa = PBXFileReference; fileEncoding = 4; lastKnownFileType = sourcecode.c.objc; path = TabEntity.m; sourceTree = "<group>"; };
		E5328F5F1F161F840033A8EB /* PhotoCollectionModuleAssembly.h */ = {isa = PBXFileReference; fileEncoding = 4; lastKnownFileType = sourcecode.c.h; lineEnding = 0; path = PhotoCollectionModuleAssembly.h; sourceTree = "<group>"; xcLanguageSpecificationIdentifier = xcode.lang.objcpp; };
		E5328F601F161F840033A8EB /* PhotoCollectionModuleAssembly.m */ = {isa = PBXFileReference; fileEncoding = 4; lastKnownFileType = sourcecode.c.objc; lineEnding = 0; path = PhotoCollectionModuleAssembly.m; sourceTree = "<group>"; xcLanguageSpecificationIdentifier = xcode.lang.objc; };
		E5328F631F161F840033A8EB /* PhotoCollectionModuleInteractor.h */ = {isa = PBXFileReference; fileEncoding = 4; lastKnownFileType = sourcecode.c.h; lineEnding = 0; path = PhotoCollectionModuleInteractor.h; sourceTree = "<group>"; xcLanguageSpecificationIdentifier = xcode.lang.objcpp; };
		E5328F641F161F840033A8EB /* PhotoCollectionModuleInteractor.m */ = {isa = PBXFileReference; fileEncoding = 4; lastKnownFileType = sourcecode.c.objc; lineEnding = 0; path = PhotoCollectionModuleInteractor.m; sourceTree = "<group>"; xcLanguageSpecificationIdentifier = xcode.lang.objc; };
		E5328F661F161F840033A8EB /* PhotoCollectionModulePresenter.h */ = {isa = PBXFileReference; fileEncoding = 4; lastKnownFileType = sourcecode.c.h; lineEnding = 0; path = PhotoCollectionModulePresenter.h; sourceTree = "<group>"; xcLanguageSpecificationIdentifier = xcode.lang.objcpp; };
		E5328F671F161F840033A8EB /* PhotoCollectionModulePresenter.m */ = {isa = PBXFileReference; fileEncoding = 4; lastKnownFileType = sourcecode.c.objc; lineEnding = 0; path = PhotoCollectionModulePresenter.m; sourceTree = "<group>"; xcLanguageSpecificationIdentifier = xcode.lang.objc; };
		E5328F691F161F840033A8EB /* PhotoCollectionModuleInput.h */ = {isa = PBXFileReference; fileEncoding = 4; lastKnownFileType = sourcecode.c.h; lineEnding = 0; path = PhotoCollectionModuleInput.h; sourceTree = "<group>"; xcLanguageSpecificationIdentifier = xcode.lang.objcpp; };
		E5328F6A1F161F840033A8EB /* PhotoCollectionModuleInteractorInput.h */ = {isa = PBXFileReference; fileEncoding = 4; lastKnownFileType = sourcecode.c.h; lineEnding = 0; path = PhotoCollectionModuleInteractorInput.h; sourceTree = "<group>"; xcLanguageSpecificationIdentifier = xcode.lang.objcpp; };
		E5328F6B1F161F840033A8EB /* PhotoCollectionModuleInteractorOutput.h */ = {isa = PBXFileReference; fileEncoding = 4; lastKnownFileType = sourcecode.c.h; lineEnding = 0; path = PhotoCollectionModuleInteractorOutput.h; sourceTree = "<group>"; xcLanguageSpecificationIdentifier = xcode.lang.objcpp; };
		E5328F6C1F161F840033A8EB /* PhotoCollectionModuleOutput.h */ = {isa = PBXFileReference; fileEncoding = 4; lastKnownFileType = sourcecode.c.h; lineEnding = 0; path = PhotoCollectionModuleOutput.h; sourceTree = "<group>"; xcLanguageSpecificationIdentifier = xcode.lang.objcpp; };
		E5328F6D1F161F840033A8EB /* PhotoCollectionModuleRouterInput.h */ = {isa = PBXFileReference; fileEncoding = 4; lastKnownFileType = sourcecode.c.h; lineEnding = 0; path = PhotoCollectionModuleRouterInput.h; sourceTree = "<group>"; xcLanguageSpecificationIdentifier = xcode.lang.objcpp; };
		E5328F6E1F161F840033A8EB /* PhotoCollectionModuleViewInput.h */ = {isa = PBXFileReference; fileEncoding = 4; lastKnownFileType = sourcecode.c.h; lineEnding = 0; path = PhotoCollectionModuleViewInput.h; sourceTree = "<group>"; xcLanguageSpecificationIdentifier = xcode.lang.objcpp; };
		E5328F6F1F161F840033A8EB /* PhotoCollectionModuleViewOutput.h */ = {isa = PBXFileReference; fileEncoding = 4; lastKnownFileType = sourcecode.c.h; lineEnding = 0; path = PhotoCollectionModuleViewOutput.h; sourceTree = "<group>"; xcLanguageSpecificationIdentifier = xcode.lang.objcpp; };
		E5328F711F161F840033A8EB /* PhotoCollectionModuleRouter.h */ = {isa = PBXFileReference; fileEncoding = 4; lastKnownFileType = sourcecode.c.h; lineEnding = 0; path = PhotoCollectionModuleRouter.h; sourceTree = "<group>"; xcLanguageSpecificationIdentifier = xcode.lang.objcpp; };
		E5328F721F161F840033A8EB /* PhotoCollectionModuleRouter.m */ = {isa = PBXFileReference; fileEncoding = 4; lastKnownFileType = sourcecode.c.objc; lineEnding = 0; path = PhotoCollectionModuleRouter.m; sourceTree = "<group>"; xcLanguageSpecificationIdentifier = xcode.lang.objc; };
		E5328F741F161F840033A8EB /* PhotoCollectionModuleViewController.h */ = {isa = PBXFileReference; fileEncoding = 4; lastKnownFileType = sourcecode.c.h; lineEnding = 0; path = PhotoCollectionModuleViewController.h; sourceTree = "<group>"; xcLanguageSpecificationIdentifier = xcode.lang.objcpp; };
		E5328F751F161F840033A8EB /* PhotoCollectionModuleViewController.m */ = {isa = PBXFileReference; fileEncoding = 4; lastKnownFileType = sourcecode.c.objc; lineEnding = 0; path = PhotoCollectionModuleViewController.m; sourceTree = "<group>"; xcLanguageSpecificationIdentifier = xcode.lang.objc; };
		E5328F7B1F1757F20033A8EB /* Authorization.storyboard */ = {isa = PBXFileReference; fileEncoding = 4; lastKnownFileType = file.storyboard; path = Authorization.storyboard; sourceTree = "<group>"; };
		E53755011F20AF5F00CB6B37 /* FVApplicationAssembly.h */ = {isa = PBXFileReference; fileEncoding = 4; lastKnownFileType = sourcecode.c.h; path = FVApplicationAssembly.h; sourceTree = "<group>"; };
		E54827AC1F190F8E005BEC40 /* PhotoCollection.storyboard */ = {isa = PBXFileReference; fileEncoding = 4; lastKnownFileType = file.storyboard; path = PhotoCollection.storyboard; sourceTree = "<group>"; };
		E54827AE1F191233005BEC40 /* PhotoCollectionCell.h */ = {isa = PBXFileReference; fileEncoding = 4; lastKnownFileType = sourcecode.c.h; path = PhotoCollectionCell.h; sourceTree = "<group>"; };
		E54827AF1F191233005BEC40 /* PhotoCollectionCell.m */ = {isa = PBXFileReference; fileEncoding = 4; lastKnownFileType = sourcecode.c.objc; path = PhotoCollectionCell.m; sourceTree = "<group>"; };
		E54827B31F191362005BEC40 /* PhotoCardEntity.h */ = {isa = PBXFileReference; fileEncoding = 4; lastKnownFileType = sourcecode.c.h; path = PhotoCardEntity.h; sourceTree = "<group>"; };
		E54827B41F191362005BEC40 /* PhotoCardEntity.m */ = {isa = PBXFileReference; fileEncoding = 4; lastKnownFileType = sourcecode.c.objc; path = PhotoCardEntity.m; sourceTree = "<group>"; };
		E54FBB221F1387DD0052F6CE /* FVAppDelegate.h */ = {isa = PBXFileReference; fileEncoding = 4; lastKnownFileType = sourcecode.c.h; path = FVAppDelegate.h; sourceTree = "<group>"; };
		E54FBB231F1387DD0052F6CE /* FVAppDelegate.m */ = {isa = PBXFileReference; fileEncoding = 4; lastKnownFileType = sourcecode.c.objc; path = FVAppDelegate.m; sourceTree = "<group>"; };
		E54FBB251F1387DD0052F6CE /* FVApplicationAssembly.m */ = {isa = PBXFileReference; fileEncoding = 4; lastKnownFileType = sourcecode.c.objc; path = FVApplicationAssembly.m; sourceTree = "<group>"; };
		E54FBB281F1387DD0052F6CE /* FlickrViperTransitionHandlerProtocol.h */ = {isa = PBXFileReference; fileEncoding = 4; lastKnownFileType = sourcecode.c.h; path = FlickrViperTransitionHandlerProtocol.h; sourceTree = "<group>"; };
		E54FBB521F1387E30052F6CE /* TabBarModuleAssembly.h */ = {isa = PBXFileReference; fileEncoding = 4; lastKnownFileType = sourcecode.c.h; path = TabBarModuleAssembly.h; sourceTree = "<group>"; };
		E54FBB531F1387E30052F6CE /* TabBarModuleAssembly.m */ = {isa = PBXFileReference; fileEncoding = 4; lastKnownFileType = sourcecode.c.objc; path = TabBarModuleAssembly.m; sourceTree = "<group>"; };
		E54FBB551F1387E30052F6CE /* TabEntity.h */ = {isa = PBXFileReference; fileEncoding = 4; lastKnownFileType = sourcecode.c.h; path = TabEntity.h; sourceTree = "<group>"; };
		E54FBB571F1387E30052F6CE /* TabBarModuleInteractor.h */ = {isa = PBXFileReference; fileEncoding = 4; lastKnownFileType = sourcecode.c.h; path = TabBarModuleInteractor.h; sourceTree = "<group>"; };
		E54FBB581F1387E30052F6CE /* TabBarModuleInteractor.m */ = {isa = PBXFileReference; fileEncoding = 4; lastKnownFileType = sourcecode.c.objc; path = TabBarModuleInteractor.m; sourceTree = "<group>"; };
		E54FBB5A1F1387E30052F6CE /* TabBarModulePresenter.h */ = {isa = PBXFileReference; fileEncoding = 4; lastKnownFileType = sourcecode.c.h; path = TabBarModulePresenter.h; sourceTree = "<group>"; };
		E54FBB5B1F1387E30052F6CE /* TabBarModulePresenter.m */ = {isa = PBXFileReference; fileEncoding = 4; lastKnownFileType = sourcecode.c.objc; path = TabBarModulePresenter.m; sourceTree = "<group>"; };
		E54FBB5D1F1387E30052F6CE /* TabBarModuleInput.h */ = {isa = PBXFileReference; fileEncoding = 4; lastKnownFileType = sourcecode.c.h; path = TabBarModuleInput.h; sourceTree = "<group>"; };
		E54FBB5E1F1387E30052F6CE /* TabBarModuleInteractorInput.h */ = {isa = PBXFileReference; fileEncoding = 4; lastKnownFileType = sourcecode.c.h; path = TabBarModuleInteractorInput.h; sourceTree = "<group>"; };
		E54FBB5F1F1387E30052F6CE /* TabBarModuleInteractorOutput.h */ = {isa = PBXFileReference; fileEncoding = 4; lastKnownFileType = sourcecode.c.h; path = TabBarModuleInteractorOutput.h; sourceTree = "<group>"; };
		E54FBB601F1387E30052F6CE /* TabBarModuleOutput.h */ = {isa = PBXFileReference; fileEncoding = 4; lastKnownFileType = sourcecode.c.h; path = TabBarModuleOutput.h; sourceTree = "<group>"; };
		E54FBB611F1387E30052F6CE /* TabBarModuleRouterInput.h */ = {isa = PBXFileReference; fileEncoding = 4; lastKnownFileType = sourcecode.c.h; path = TabBarModuleRouterInput.h; sourceTree = "<group>"; };
		E54FBB621F1387E30052F6CE /* TabBarModuleViewInput.h */ = {isa = PBXFileReference; fileEncoding = 4; lastKnownFileType = sourcecode.c.h; path = TabBarModuleViewInput.h; sourceTree = "<group>"; };
		E54FBB631F1387E30052F6CE /* TabBarModuleViewOutput.h */ = {isa = PBXFileReference; fileEncoding = 4; lastKnownFileType = sourcecode.c.h; path = TabBarModuleViewOutput.h; sourceTree = "<group>"; };
		E54FBB651F1387E30052F6CE /* TabBarModuleRouter.h */ = {isa = PBXFileReference; fileEncoding = 4; lastKnownFileType = sourcecode.c.h; path = TabBarModuleRouter.h; sourceTree = "<group>"; };
		E54FBB661F1387E30052F6CE /* TabBarModuleRouter.m */ = {isa = PBXFileReference; fileEncoding = 4; lastKnownFileType = sourcecode.c.objc; path = TabBarModuleRouter.m; sourceTree = "<group>"; };
		E54FBB681F1387E30052F6CE /* TabBarModuleViewController.h */ = {isa = PBXFileReference; fileEncoding = 4; lastKnownFileType = sourcecode.c.h; path = TabBarModuleViewController.h; sourceTree = "<group>"; };
		E54FBB691F1387E30052F6CE /* TabBarModuleViewController.m */ = {isa = PBXFileReference; fileEncoding = 4; lastKnownFileType = sourcecode.c.objc; path = TabBarModuleViewController.m; sourceTree = "<group>"; };
		E54FBB781F1399B00052F6CE /* ModuleFactory.h */ = {isa = PBXFileReference; fileEncoding = 4; lastKnownFileType = sourcecode.c.h; path = ModuleFactory.h; sourceTree = "<group>"; };
		E54FBB791F1399B00052F6CE /* ModuleFactory.m */ = {isa = PBXFileReference; fileEncoding = 4; lastKnownFileType = sourcecode.c.objc; path = ModuleFactory.m; sourceTree = "<group>"; };
		E5819B871EC9A24E00B5B33F /* FlickrViper.app */ = {isa = PBXFileReference; explicitFileType = wrapper.application; includeInIndex = 0; path = FlickrViper.app; sourceTree = BUILT_PRODUCTS_DIR; };
		E5819B8B1EC9A24E00B5B33F /* main.m */ = {isa = PBXFileReference; lastKnownFileType = sourcecode.c.objc; path = main.m; sourceTree = "<group>"; };
		E5819BAD1EC9B2CA00B5B33F /* Assets.xcassets */ = {isa = PBXFileReference; lastKnownFileType = folder.assetcatalog; path = Assets.xcassets; sourceTree = "<group>"; };
		E5819BB01EC9B2CA00B5B33F /* Base */ = {isa = PBXFileReference; lastKnownFileType = file.storyboard; name = Base; path = Base.lproj/LaunchScreen.storyboard; sourceTree = "<group>"; };
		E5819BB21EC9B2CA00B5B33F /* Base */ = {isa = PBXFileReference; lastKnownFileType = file.storyboard; name = Base; path = Base.lproj/Main.storyboard; sourceTree = "<group>"; };
		E5819BBC1EC9B30400B5B33F /* Info.plist */ = {isa = PBXFileReference; fileEncoding = 4; lastKnownFileType = text.plist.xml; path = Info.plist; sourceTree = "<group>"; };
		E5B952631F151B1E00081C83 /* AuthorizationModuleAssembly.h */ = {isa = PBXFileReference; fileEncoding = 4; lastKnownFileType = sourcecode.c.h; lineEnding = 0; path = AuthorizationModuleAssembly.h; sourceTree = "<group>"; xcLanguageSpecificationIdentifier = xcode.lang.objcpp; };
		E5B952641F151B1E00081C83 /* AuthorizationModuleAssembly.m */ = {isa = PBXFileReference; fileEncoding = 4; lastKnownFileType = sourcecode.c.objc; lineEnding = 0; path = AuthorizationModuleAssembly.m; sourceTree = "<group>"; xcLanguageSpecificationIdentifier = xcode.lang.objc; };
		E5B952681F151B1E00081C83 /* AuthorizationModuleInteractor.h */ = {isa = PBXFileReference; fileEncoding = 4; lastKnownFileType = sourcecode.c.h; lineEnding = 0; path = AuthorizationModuleInteractor.h; sourceTree = "<group>"; xcLanguageSpecificationIdentifier = xcode.lang.objcpp; };
		E5B952691F151B1E00081C83 /* AuthorizationModuleInteractor.m */ = {isa = PBXFileReference; fileEncoding = 4; lastKnownFileType = sourcecode.c.objc; lineEnding = 0; path = AuthorizationModuleInteractor.m; sourceTree = "<group>"; xcLanguageSpecificationIdentifier = xcode.lang.objc; };
		E5B9526B1F151B1E00081C83 /* AuthorizationModulePresenter.h */ = {isa = PBXFileReference; fileEncoding = 4; lastKnownFileType = sourcecode.c.h; lineEnding = 0; path = AuthorizationModulePresenter.h; sourceTree = "<group>"; xcLanguageSpecificationIdentifier = xcode.lang.objcpp; };
		E5B9526C1F151B1E00081C83 /* AuthorizationModulePresenter.m */ = {isa = PBXFileReference; fileEncoding = 4; lastKnownFileType = sourcecode.c.objc; lineEnding = 0; path = AuthorizationModulePresenter.m; sourceTree = "<group>"; xcLanguageSpecificationIdentifier = xcode.lang.objc; };
		E5B9526E1F151B1E00081C83 /* AuthorizationModuleInput.h */ = {isa = PBXFileReference; fileEncoding = 4; lastKnownFileType = sourcecode.c.h; lineEnding = 0; path = AuthorizationModuleInput.h; sourceTree = "<group>"; xcLanguageSpecificationIdentifier = xcode.lang.objcpp; };
		E5B9526F1F151B1E00081C83 /* AuthorizationModuleInteractorInput.h */ = {isa = PBXFileReference; fileEncoding = 4; lastKnownFileType = sourcecode.c.h; lineEnding = 0; path = AuthorizationModuleInteractorInput.h; sourceTree = "<group>"; xcLanguageSpecificationIdentifier = xcode.lang.objcpp; };
		E5B952701F151B1E00081C83 /* AuthorizationModuleInteractorOutput.h */ = {isa = PBXFileReference; fileEncoding = 4; lastKnownFileType = sourcecode.c.h; lineEnding = 0; path = AuthorizationModuleInteractorOutput.h; sourceTree = "<group>"; xcLanguageSpecificationIdentifier = xcode.lang.objcpp; };
		E5B952711F151B1E00081C83 /* AuthorizationModuleOutput.h */ = {isa = PBXFileReference; fileEncoding = 4; lastKnownFileType = sourcecode.c.h; lineEnding = 0; path = AuthorizationModuleOutput.h; sourceTree = "<group>"; xcLanguageSpecificationIdentifier = xcode.lang.objcpp; };
		E5B952721F151B1E00081C83 /* AuthorizationModuleRouterInput.h */ = {isa = PBXFileReference; fileEncoding = 4; lastKnownFileType = sourcecode.c.h; lineEnding = 0; path = AuthorizationModuleRouterInput.h; sourceTree = "<group>"; xcLanguageSpecificationIdentifier = xcode.lang.objcpp; };
		E5B952731F151B1E00081C83 /* AuthorizationModuleViewInput.h */ = {isa = PBXFileReference; fileEncoding = 4; lastKnownFileType = sourcecode.c.h; lineEnding = 0; path = AuthorizationModuleViewInput.h; sourceTree = "<group>"; xcLanguageSpecificationIdentifier = xcode.lang.objcpp; };
		E5B952741F151B1E00081C83 /* AuthorizationModuleViewOutput.h */ = {isa = PBXFileReference; fileEncoding = 4; lastKnownFileType = sourcecode.c.h; lineEnding = 0; path = AuthorizationModuleViewOutput.h; sourceTree = "<group>"; xcLanguageSpecificationIdentifier = xcode.lang.objcpp; };
		E5B952761F151B1E00081C83 /* AuthorizationModuleRouter.h */ = {isa = PBXFileReference; fileEncoding = 4; lastKnownFileType = sourcecode.c.h; lineEnding = 0; path = AuthorizationModuleRouter.h; sourceTree = "<group>"; xcLanguageSpecificationIdentifier = xcode.lang.objcpp; };
		E5B952771F151B1E00081C83 /* AuthorizationModuleRouter.m */ = {isa = PBXFileReference; fileEncoding = 4; lastKnownFileType = sourcecode.c.objc; lineEnding = 0; path = AuthorizationModuleRouter.m; sourceTree = "<group>"; xcLanguageSpecificationIdentifier = xcode.lang.objc; };
		E5B952791F151B1E00081C83 /* AuthorizationModuleViewController.h */ = {isa = PBXFileReference; fileEncoding = 4; lastKnownFileType = sourcecode.c.h; lineEnding = 0; path = AuthorizationModuleViewController.h; sourceTree = "<group>"; xcLanguageSpecificationIdentifier = xcode.lang.objcpp; };
		E5B9527A1F151B1E00081C83 /* AuthorizationModuleViewController.m */ = {isa = PBXFileReference; fileEncoding = 4; lastKnownFileType = sourcecode.c.objc; lineEnding = 0; path = AuthorizationModuleViewController.m; sourceTree = "<group>"; xcLanguageSpecificationIdentifier = xcode.lang.objc; };
/* End PBXFileReference section */

/* Begin PBXFrameworksBuildPhase section */
		E5819B841EC9A24E00B5B33F /* Frameworks */ = {
			isa = PBXFrameworksBuildPhase;
			buildActionMask = 2147483647;
			files = (
				B90B6B29DD5620CE7F6F4AEA /* Pods_FlickrViper.framework in Frameworks */,
			);
			runOnlyForDeploymentPostprocessing = 0;
		};
/* End PBXFrameworksBuildPhase section */

/* Begin PBXGroup section */
		4787586EB5CC4A8481CD221D /* Frameworks */ = {
			isa = PBXGroup;
			children = (
				80D0C8B4501FF85FA0A828E7 /* Pods_FlickrViper.framework */,
			);
			name = Frameworks;
			sourceTree = "<group>";
		};
		4FC6052546485895C5A9387F /* Pods */ = {
			isa = PBXGroup;
			children = (
				8B98AE677D153303B28DCFD6 /* Pods-FlickrViper.debug.xcconfig */,
				B8F2EC9A2E46F3D10CBCC779 /* Pods-FlickrViper.release.xcconfig */,
			);
			name = Pods;
			sourceTree = "<group>";
		};
		CE0864121F27D98A00F9D10E /* Settings */ = {
			isa = PBXGroup;
			children = (
				CE0864131F27D98A00F9D10E /* Assembly */,
				CE0864161F27D98A00F9D10E /* Entities */,
				CE0864191F27D98A00F9D10E /* Interactor */,
				CE08641C1F27D98A00F9D10E /* Presenter */,
				CE08641F1F27D98A00F9D10E /* Protocols */,
				CE0864271F27D98A00F9D10E /* Router */,
				CE08642A1F27D98A00F9D10E /* View */,
			);
			path = Settings;
			sourceTree = "<group>";
		};
		CE0864131F27D98A00F9D10E /* Assembly */ = {
			isa = PBXGroup;
			children = (
				CE0864141F27D98A00F9D10E /* SettingsModuleAssembly.h */,
				CE0864151F27D98A00F9D10E /* SettingsModuleAssembly.m */,
			);
			path = Assembly;
			sourceTree = "<group>";
		};
		CE0864161F27D98A00F9D10E /* Entities */ = {
			isa = PBXGroup;
			children = (
			);
			path = Entities;
			sourceTree = "<group>";
		};
		CE0864191F27D98A00F9D10E /* Interactor */ = {
			isa = PBXGroup;
			children = (
				CE08641A1F27D98A00F9D10E /* SettingsModuleInteractor.h */,
				CE08641B1F27D98A00F9D10E /* SettingsModuleInteractor.m */,
			);
			path = Interactor;
			sourceTree = "<group>";
		};
		CE08641C1F27D98A00F9D10E /* Presenter */ = {
			isa = PBXGroup;
			children = (
				CE08641D1F27D98A00F9D10E /* SettingsModulePresenter.h */,
				CE08641E1F27D98A00F9D10E /* SettingsModulePresenter.m */,
			);
			path = Presenter;
			sourceTree = "<group>";
		};
		CE08641F1F27D98A00F9D10E /* Protocols */ = {
			isa = PBXGroup;
			children = (
				CE0864201F27D98A00F9D10E /* SettingsModuleInput.h */,
				CE0864211F27D98A00F9D10E /* SettingsModuleInteractorInput.h */,
				CE0864221F27D98A00F9D10E /* SettingsModuleInteractorOutput.h */,
				CE0864231F27D98A00F9D10E /* SettingsModuleOutput.h */,
				CE0864241F27D98A00F9D10E /* SettingsModuleRouterInput.h */,
				CE0864251F27D98A00F9D10E /* SettingsModuleViewInput.h */,
				CE0864261F27D98A00F9D10E /* SettingsModuleViewOutput.h */,
			);
			path = Protocols;
			sourceTree = "<group>";
		};
		CE0864271F27D98A00F9D10E /* Router */ = {
			isa = PBXGroup;
			children = (
				CE0864281F27D98A00F9D10E /* SettingsModuleRouter.h */,
				CE0864291F27D98A00F9D10E /* SettingsModuleRouter.m */,
			);
			path = Router;
			sourceTree = "<group>";
		};
		CE08642A1F27D98A00F9D10E /* View */ = {
			isa = PBXGroup;
			children = (
				CE08642B1F27D98A00F9D10E /* Settings.storyboard */,
				CE08642E1F27D98A00F9D10E /* SettingsModuleViewController.h */,
				CE08642F1F27D98A00F9D10E /* SettingsModuleViewController.m */,
			);
			path = View;
			sourceTree = "<group>";
		};
		CECD51551F36439200D634E3 /* PhotoCardDetails */ = {
			isa = PBXGroup;
			children = (
				CECD51561F36439200D634E3 /* Assembly */,
				CECD515C1F36439200D634E3 /* Interactor */,
				CECD515F1F36439200D634E3 /* Presenter */,
				CECD51621F36439200D634E3 /* Protocols */,
				CECD516A1F36439200D634E3 /* Router */,
				CECD516D1F36439200D634E3 /* View */,
			);
			path = PhotoCardDetails;
			sourceTree = "<group>";
		};
		CECD51561F36439200D634E3 /* Assembly */ = {
			isa = PBXGroup;
			children = (
				CECD51571F36439200D634E3 /* PhotoCardDetailsModuleAssembly.h */,
				CECD51581F36439200D634E3 /* PhotoCardDetailsModuleAssembly.m */,
			);
			path = Assembly;
			sourceTree = "<group>";
		};
		CECD515C1F36439200D634E3 /* Interactor */ = {
			isa = PBXGroup;
			children = (
				CECD515D1F36439200D634E3 /* PhotoCardDetailsModuleInteractor.h */,
				CECD515E1F36439200D634E3 /* PhotoCardDetailsModuleInteractor.m */,
			);
			path = Interactor;
			sourceTree = "<group>";
		};
		CECD515F1F36439200D634E3 /* Presenter */ = {
			isa = PBXGroup;
			children = (
				CECD51601F36439200D634E3 /* PhotoCardDetailsModulePresenter.h */,
				CECD51611F36439200D634E3 /* PhotoCardDetailsModulePresenter.m */,
			);
			path = Presenter;
			sourceTree = "<group>";
		};
		CECD51621F36439200D634E3 /* Protocols */ = {
			isa = PBXGroup;
			children = (
				CECD51631F36439200D634E3 /* PhotoCardDetailsModuleInput.h */,
				CECD51641F36439200D634E3 /* PhotoCardDetailsModuleInteractorInput.h */,
				CECD51651F36439200D634E3 /* PhotoCardDetailsModuleInteractorOutput.h */,
				CECD51661F36439200D634E3 /* PhotoCardDetailsModuleOutput.h */,
				CECD51671F36439200D634E3 /* PhotoCardDetailsModuleRouterInput.h */,
				CECD51681F36439200D634E3 /* PhotoCardDetailsModuleViewInput.h */,
				CECD51691F36439200D634E3 /* PhotoCardDetailsModuleViewOutput.h */,
			);
			path = Protocols;
			sourceTree = "<group>";
		};
		CECD516A1F36439200D634E3 /* Router */ = {
			isa = PBXGroup;
			children = (
				CECD516B1F36439200D634E3 /* PhotoCardDetailsModuleRouter.h */,
				CECD516C1F36439200D634E3 /* PhotoCardDetailsModuleRouter.m */,
			);
			path = Router;
			sourceTree = "<group>";
		};
		CECD516D1F36439200D634E3 /* View */ = {
			isa = PBXGroup;
			children = (
				CECD51711F36439200D634E3 /* PhotoCardDetails.storyboard */,
				CECD51741F36439200D634E3 /* PhotoCardDetailsModuleViewController.h */,
				CECD51751F36439200D634E3 /* PhotoCardDetailsModuleViewController.m */,
			);
			path = View;
			sourceTree = "<group>";
		};
		E5328F5D1F161F840033A8EB /* PhotoCollection */ = {
			isa = PBXGroup;
			children = (
				E5328F5E1F161F840033A8EB /* Assembly */,
				E5328F611F161F840033A8EB /* Entities */,
				E5328F621F161F840033A8EB /* Interactor */,
				E5328F651F161F840033A8EB /* Presenter */,
				E5328F701F161F840033A8EB /* Router */,
				E5328F731F161F840033A8EB /* View */,
				E5328F681F161F840033A8EB /* Protocols */,
			);
			path = PhotoCollection;
			sourceTree = "<group>";
		};
		E5328F5E1F161F840033A8EB /* Assembly */ = {
			isa = PBXGroup;
			children = (
				E5328F5F1F161F840033A8EB /* PhotoCollectionModuleAssembly.h */,
				E5328F601F161F840033A8EB /* PhotoCollectionModuleAssembly.m */,
			);
			path = Assembly;
			sourceTree = "<group>";
		};
		E5328F611F161F840033A8EB /* Entities */ = {
			isa = PBXGroup;
			children = (
				E54827B31F191362005BEC40 /* PhotoCardEntity.h */,
				E54827B41F191362005BEC40 /* PhotoCardEntity.m */,
			);
			path = Entities;
			sourceTree = "<group>";
		};
		E5328F621F161F840033A8EB /* Interactor */ = {
			isa = PBXGroup;
			children = (
				E5328F631F161F840033A8EB /* PhotoCollectionModuleInteractor.h */,
				E5328F641F161F840033A8EB /* PhotoCollectionModuleInteractor.m */,
			);
			path = Interactor;
			sourceTree = "<group>";
		};
		E5328F651F161F840033A8EB /* Presenter */ = {
			isa = PBXGroup;
			children = (
				E5328F661F161F840033A8EB /* PhotoCollectionModulePresenter.h */,
				E5328F671F161F840033A8EB /* PhotoCollectionModulePresenter.m */,
			);
			path = Presenter;
			sourceTree = "<group>";
		};
		E5328F681F161F840033A8EB /* Protocols */ = {
			isa = PBXGroup;
			children = (
				E5328F691F161F840033A8EB /* PhotoCollectionModuleInput.h */,
				E5328F6C1F161F840033A8EB /* PhotoCollectionModuleOutput.h */,
				E5328F6A1F161F840033A8EB /* PhotoCollectionModuleInteractorInput.h */,
				E5328F6B1F161F840033A8EB /* PhotoCollectionModuleInteractorOutput.h */,
				E5328F6D1F161F840033A8EB /* PhotoCollectionModuleRouterInput.h */,
				E5328F6E1F161F840033A8EB /* PhotoCollectionModuleViewInput.h */,
				E5328F6F1F161F840033A8EB /* PhotoCollectionModuleViewOutput.h */,
			);
			path = Protocols;
			sourceTree = "<group>";
		};
		E5328F701F161F840033A8EB /* Router */ = {
			isa = PBXGroup;
			children = (
				E5328F711F161F840033A8EB /* PhotoCollectionModuleRouter.h */,
				E5328F721F161F840033A8EB /* PhotoCollectionModuleRouter.m */,
			);
			path = Router;
			sourceTree = "<group>";
		};
		E5328F731F161F840033A8EB /* View */ = {
			isa = PBXGroup;
			children = (
				E5328F741F161F840033A8EB /* PhotoCollectionModuleViewController.h */,
				E5328F751F161F840033A8EB /* PhotoCollectionModuleViewController.m */,
				E54827AC1F190F8E005BEC40 /* PhotoCollection.storyboard */,
				E54827AE1F191233005BEC40 /* PhotoCollectionCell.h */,
				E54827AF1F191233005BEC40 /* PhotoCollectionCell.m */,
				CECD51521F3629B200D634E3 /* PhotoCollectionFlowLayout.h */,
				CECD51531F3629B200D634E3 /* PhotoCollectionFlowLayout.m */,
			);
			path = View;
			sourceTree = "<group>";
		};
		E54FBB201F1387DD0052F6CE /* ApplicationAssembly */ = {
			isa = PBXGroup;
			children = (
				E53755011F20AF5F00CB6B37 /* FVApplicationAssembly.h */,
				E54FBB251F1387DD0052F6CE /* FVApplicationAssembly.m */,
				E54FBB211F1387DD0052F6CE /* AppDelegate */,
				E54FBB261F1387DD0052F6CE /* ModuleFactory */,
				E54FBB271F1387DD0052F6CE /* Protocols */,
			);
			path = ApplicationAssembly;
			sourceTree = "<group>";
		};
		E54FBB211F1387DD0052F6CE /* AppDelegate */ = {
			isa = PBXGroup;
			children = (
				E54FBB221F1387DD0052F6CE /* FVAppDelegate.h */,
				E54FBB231F1387DD0052F6CE /* FVAppDelegate.m */,
			);
			path = AppDelegate;
			sourceTree = "<group>";
		};
		E54FBB261F1387DD0052F6CE /* ModuleFactory */ = {
			isa = PBXGroup;
			children = (
				CE60B2141F24151200099669 /* AssemblyFactory.h */,
				CE60B2151F24151200099669 /* AssemblyFactory.m */,
				E54FBB781F1399B00052F6CE /* ModuleFactory.h */,
				E54FBB791F1399B00052F6CE /* ModuleFactory.m */,
			);
			path = ModuleFactory;
			sourceTree = "<group>";
		};
		E54FBB271F1387DD0052F6CE /* Protocols */ = {
			isa = PBXGroup;
			children = (
				CE0864111F24FB7B00F9D10E /* ModuleFactoryProtocol.h */,
				E54FBB281F1387DD0052F6CE /* FlickrViperTransitionHandlerProtocol.h */,
			);
			path = Protocols;
			sourceTree = "<group>";
		};
		E54FBB2B1F1387E30052F6CE /* Modules */ = {
			isa = PBXGroup;
			children = (
				E54FBB2C1F1387E30052F6CE /* Authorization */,
				E54FBB501F1387E30052F6CE /* TabBar */,
				E5328F5D1F161F840033A8EB /* PhotoCollection */,
				CECD51551F36439200D634E3 /* PhotoCardDetails */,
				CE0864121F27D98A00F9D10E /* Settings */,
			);
			path = Modules;
			sourceTree = "<group>";
		};
		E54FBB2C1F1387E30052F6CE /* Authorization */ = {
			isa = PBXGroup;
			children = (
				E5B952621F151B1E00081C83 /* Assembly */,
				E5B952651F151B1E00081C83 /* Entities */,
				E5B952671F151B1E00081C83 /* Interactor */,
				E5B9526A1F151B1E00081C83 /* Presenter */,
				E5B9526D1F151B1E00081C83 /* Protocols */,
				E5B952751F151B1E00081C83 /* Router */,
				E5B952781F151B1E00081C83 /* View */,
			);
			path = Authorization;
			sourceTree = "<group>";
		};
		E54FBB501F1387E30052F6CE /* TabBar */ = {
			isa = PBXGroup;
			children = (
				E54FBB511F1387E30052F6CE /* Assembly */,
				E54FBB541F1387E30052F6CE /* Entities */,
				E54FBB561F1387E30052F6CE /* Interactor */,
				E54FBB591F1387E30052F6CE /* Presenter */,
				E54FBB5C1F1387E30052F6CE /* Protocols */,
				E54FBB641F1387E30052F6CE /* Router */,
				E54FBB671F1387E30052F6CE /* View */,
			);
			path = TabBar;
			sourceTree = "<group>";
		};
		E54FBB511F1387E30052F6CE /* Assembly */ = {
			isa = PBXGroup;
			children = (
				E54FBB521F1387E30052F6CE /* TabBarModuleAssembly.h */,
				E54FBB531F1387E30052F6CE /* TabBarModuleAssembly.m */,
			);
			path = Assembly;
			sourceTree = "<group>";
		};
		E54FBB541F1387E30052F6CE /* Entities */ = {
			isa = PBXGroup;
			children = (
				E54FBB551F1387E30052F6CE /* TabEntity.h */,
				E5328F591F1612C20033A8EB /* TabEntity.m */,
			);
			path = Entities;
			sourceTree = "<group>";
		};
		E54FBB561F1387E30052F6CE /* Interactor */ = {
			isa = PBXGroup;
			children = (
				E54FBB571F1387E30052F6CE /* TabBarModuleInteractor.h */,
				E54FBB581F1387E30052F6CE /* TabBarModuleInteractor.m */,
			);
			path = Interactor;
			sourceTree = "<group>";
		};
		E54FBB591F1387E30052F6CE /* Presenter */ = {
			isa = PBXGroup;
			children = (
				E54FBB5A1F1387E30052F6CE /* TabBarModulePresenter.h */,
				E54FBB5B1F1387E30052F6CE /* TabBarModulePresenter.m */,
			);
			path = Presenter;
			sourceTree = "<group>";
		};
		E54FBB5C1F1387E30052F6CE /* Protocols */ = {
			isa = PBXGroup;
			children = (
				E54FBB5D1F1387E30052F6CE /* TabBarModuleInput.h */,
				E54FBB601F1387E30052F6CE /* TabBarModuleOutput.h */,
				E54FBB5E1F1387E30052F6CE /* TabBarModuleInteractorInput.h */,
				E54FBB5F1F1387E30052F6CE /* TabBarModuleInteractorOutput.h */,
				E54FBB611F1387E30052F6CE /* TabBarModuleRouterInput.h */,
				E54FBB621F1387E30052F6CE /* TabBarModuleViewInput.h */,
				E54FBB631F1387E30052F6CE /* TabBarModuleViewOutput.h */,
			);
			path = Protocols;
			sourceTree = "<group>";
		};
		E54FBB641F1387E30052F6CE /* Router */ = {
			isa = PBXGroup;
			children = (
				E54FBB651F1387E30052F6CE /* TabBarModuleRouter.h */,
				E54FBB661F1387E30052F6CE /* TabBarModuleRouter.m */,
			);
			path = Router;
			sourceTree = "<group>";
		};
		E54FBB671F1387E30052F6CE /* View */ = {
			isa = PBXGroup;
			children = (
				E54FBB681F1387E30052F6CE /* TabBarModuleViewController.h */,
				E54FBB691F1387E30052F6CE /* TabBarModuleViewController.m */,
			);
			path = View;
			sourceTree = "<group>";
		};
		E5819B7E1EC9A24E00B5B33F = {
			isa = PBXGroup;
			children = (
				E5819B891EC9A24E00B5B33F /* FlickrViper */,
				E5819B881EC9A24E00B5B33F /* Products */,
				4FC6052546485895C5A9387F /* Pods */,
				4787586EB5CC4A8481CD221D /* Frameworks */,
			);
			sourceTree = "<group>";
		};
		E5819B881EC9A24E00B5B33F /* Products */ = {
			isa = PBXGroup;
			children = (
				E5819B871EC9A24E00B5B33F /* FlickrViper.app */,
			);
			name = Products;
			sourceTree = "<group>";
		};
		E5819B891EC9A24E00B5B33F /* FlickrViper */ = {
			isa = PBXGroup;
			children = (
				E54FBB201F1387DD0052F6CE /* ApplicationAssembly */,
				E54FBB2B1F1387E30052F6CE /* Modules */,
				E5819BAC1EC9B2CA00B5B33F /* Resources */,
				E5819BAE1EC9B2CA00B5B33F /* Storyboards */,
				E5819B8A1EC9A24E00B5B33F /* Supporting Files */,
			);
			path = FlickrViper;
			sourceTree = "<group>";
		};
		E5819B8A1EC9A24E00B5B33F /* Supporting Files */ = {
			isa = PBXGroup;
			children = (
				E5819BBC1EC9B30400B5B33F /* Info.plist */,
				E5819B8B1EC9A24E00B5B33F /* main.m */,
			);
			name = "Supporting Files";
			sourceTree = "<group>";
		};
		E5819BAC1EC9B2CA00B5B33F /* Resources */ = {
			isa = PBXGroup;
			children = (
				E5819BAD1EC9B2CA00B5B33F /* Assets.xcassets */,
			);
			path = Resources;
			sourceTree = "<group>";
		};
		E5819BAE1EC9B2CA00B5B33F /* Storyboards */ = {
			isa = PBXGroup;
			children = (
				E5819BAF1EC9B2CA00B5B33F /* LaunchScreen.storyboard */,
				E5819BB11EC9B2CA00B5B33F /* Main.storyboard */,
			);
			path = Storyboards;
			sourceTree = "<group>";
		};
		E5B952621F151B1E00081C83 /* Assembly */ = {
			isa = PBXGroup;
			children = (
				E5B952631F151B1E00081C83 /* AuthorizationModuleAssembly.h */,
				E5B952641F151B1E00081C83 /* AuthorizationModuleAssembly.m */,
			);
			path = Assembly;
			sourceTree = "<group>";
		};
		E5B952651F151B1E00081C83 /* Entities */ = {
			isa = PBXGroup;
			children = (
			);
			path = Entities;
			sourceTree = "<group>";
		};
		E5B952671F151B1E00081C83 /* Interactor */ = {
			isa = PBXGroup;
			children = (
				E5B952681F151B1E00081C83 /* AuthorizationModuleInteractor.h */,
				E5B952691F151B1E00081C83 /* AuthorizationModuleInteractor.m */,
			);
			path = Interactor;
			sourceTree = "<group>";
		};
		E5B9526A1F151B1E00081C83 /* Presenter */ = {
			isa = PBXGroup;
			children = (
				E5B9526B1F151B1E00081C83 /* AuthorizationModulePresenter.h */,
				E5B9526C1F151B1E00081C83 /* AuthorizationModulePresenter.m */,
			);
			path = Presenter;
			sourceTree = "<group>";
		};
		E5B9526D1F151B1E00081C83 /* Protocols */ = {
			isa = PBXGroup;
			children = (
				E5B9526E1F151B1E00081C83 /* AuthorizationModuleInput.h */,
				E5B952711F151B1E00081C83 /* AuthorizationModuleOutput.h */,
				E5B9526F1F151B1E00081C83 /* AuthorizationModuleInteractorInput.h */,
				E5B952701F151B1E00081C83 /* AuthorizationModuleInteractorOutput.h */,
				E5B952721F151B1E00081C83 /* AuthorizationModuleRouterInput.h */,
				E5B952731F151B1E00081C83 /* AuthorizationModuleViewInput.h */,
				E5B952741F151B1E00081C83 /* AuthorizationModuleViewOutput.h */,
			);
			path = Protocols;
			sourceTree = "<group>";
		};
		E5B952751F151B1E00081C83 /* Router */ = {
			isa = PBXGroup;
			children = (
				E5B952761F151B1E00081C83 /* AuthorizationModuleRouter.h */,
				E5B952771F151B1E00081C83 /* AuthorizationModuleRouter.m */,
			);
			path = Router;
			sourceTree = "<group>";
		};
		E5B952781F151B1E00081C83 /* View */ = {
			isa = PBXGroup;
			children = (
				E5B952791F151B1E00081C83 /* AuthorizationModuleViewController.h */,
				E5B9527A1F151B1E00081C83 /* AuthorizationModuleViewController.m */,
				E5328F7B1F1757F20033A8EB /* Authorization.storyboard */,
			);
			path = View;
			sourceTree = "<group>";
		};
/* End PBXGroup section */

/* Begin PBXNativeTarget section */
		E5819B861EC9A24E00B5B33F /* FlickrViper */ = {
			isa = PBXNativeTarget;
			buildConfigurationList = E5819B9E1EC9A24E00B5B33F /* Build configuration list for PBXNativeTarget "FlickrViper" */;
			buildPhases = (
				B192582A25308EB6DC4E7DAF /* [CP] Check Pods Manifest.lock */,
				E5819B831EC9A24E00B5B33F /* Sources */,
				E5819B841EC9A24E00B5B33F /* Frameworks */,
				E5819B851EC9A24E00B5B33F /* Resources */,
				94351C4335B27E72C9B22A44 /* [CP] Embed Pods Frameworks */,
				EDCBC6A8EE97A4D138921039 /* [CP] Copy Pods Resources */,
			);
			buildRules = (
			);
			dependencies = (
			);
			name = FlickrViper;
			productName = FlickrViper;
			productReference = E5819B871EC9A24E00B5B33F /* FlickrViper.app */;
			productType = "com.apple.product-type.application";
		};
/* End PBXNativeTarget section */

/* Begin PBXProject section */
		E5819B7F1EC9A24E00B5B33F /* Project object */ = {
			isa = PBXProject;
			attributes = {
				LastUpgradeCheck = 0830;
				ORGANIZATIONNAME = Yermakov;
				TargetAttributes = {
					E5819B861EC9A24E00B5B33F = {
						CreatedOnToolsVersion = 8.3.2;
						DevelopmentTeam = ZXLCAVT38S;
						ProvisioningStyle = Automatic;
					};
				};
			};
			buildConfigurationList = E5819B821EC9A24E00B5B33F /* Build configuration list for PBXProject "FlickrViper" */;
			compatibilityVersion = "Xcode 3.2";
			developmentRegion = English;
			hasScannedForEncodings = 0;
			knownRegions = (
				en,
				Base,
			);
			mainGroup = E5819B7E1EC9A24E00B5B33F;
			productRefGroup = E5819B881EC9A24E00B5B33F /* Products */;
			projectDirPath = "";
			projectRoot = "";
			targets = (
				E5819B861EC9A24E00B5B33F /* FlickrViper */,
			);
		};
/* End PBXProject section */

/* Begin PBXResourcesBuildPhase section */
		E5819B851EC9A24E00B5B33F /* Resources */ = {
			isa = PBXResourcesBuildPhase;
			buildActionMask = 2147483647;
			files = (
				E5328F7C1F1757F20033A8EB /* Authorization.storyboard in Resources */,
				E5819BB71EC9B2CA00B5B33F /* Assets.xcassets in Resources */,
				E54827AD1F190F8E005BEC40 /* PhotoCollection.storyboard in Resources */,
				E5819BB91EC9B2CA00B5B33F /* Main.storyboard in Resources */,
				E5819BB81EC9B2CA00B5B33F /* LaunchScreen.storyboard in Resources */,
				CE0864351F27D98A00F9D10E /* Settings.storyboard in Resources */,
				CECD517C1F36439200D634E3 /* PhotoCardDetails.storyboard in Resources */,
			);
			runOnlyForDeploymentPostprocessing = 0;
		};
/* End PBXResourcesBuildPhase section */

/* Begin PBXShellScriptBuildPhase section */
		94351C4335B27E72C9B22A44 /* [CP] Embed Pods Frameworks */ = {
			isa = PBXShellScriptBuildPhase;
			buildActionMask = 2147483647;
			files = (
			);
			inputPaths = (
			);
			name = "[CP] Embed Pods Frameworks";
			outputPaths = (
			);
			runOnlyForDeploymentPostprocessing = 0;
			shellPath = /bin/sh;
			shellScript = "\"${SRCROOT}/Pods/Target Support Files/Pods-FlickrViper/Pods-FlickrViper-frameworks.sh\"\n";
			showEnvVarsInLog = 0;
		};
		B192582A25308EB6DC4E7DAF /* [CP] Check Pods Manifest.lock */ = {
			isa = PBXShellScriptBuildPhase;
			buildActionMask = 2147483647;
			files = (
			);
			inputPaths = (
			);
			name = "[CP] Check Pods Manifest.lock";
			outputPaths = (
			);
			runOnlyForDeploymentPostprocessing = 0;
			shellPath = /bin/sh;
			shellScript = "diff \"${PODS_PODFILE_DIR_PATH}/Podfile.lock\" \"${PODS_ROOT}/Manifest.lock\" > /dev/null\nif [ $? != 0 ] ; then\n    # print error to STDERR\n    echo \"error: The sandbox is not in sync with the Podfile.lock. Run 'pod install' or update your CocoaPods installation.\" >&2\n    exit 1\nfi\n";
			showEnvVarsInLog = 0;
		};
		EDCBC6A8EE97A4D138921039 /* [CP] Copy Pods Resources */ = {
			isa = PBXShellScriptBuildPhase;
			buildActionMask = 2147483647;
			files = (
			);
			inputPaths = (
			);
			name = "[CP] Copy Pods Resources";
			outputPaths = (
			);
			runOnlyForDeploymentPostprocessing = 0;
			shellPath = /bin/sh;
			shellScript = "\"${SRCROOT}/Pods/Target Support Files/Pods-FlickrViper/Pods-FlickrViper-resources.sh\"\n";
			showEnvVarsInLog = 0;
		};
/* End PBXShellScriptBuildPhase section */

/* Begin PBXSourcesBuildPhase section */
		E5819B831EC9A24E00B5B33F /* Sources */ = {
			isa = PBXSourcesBuildPhase;
			buildActionMask = 2147483647;
			files = (
				E5B9527C1F151B1E00081C83 /* AuthorizationModuleInteractor.m in Sources */,
				E54FBB7A1F1399B00052F6CE /* ModuleFactory.m in Sources */,
				E54FBB2A1F1387DD0052F6CE /* FVApplicationAssembly.m in Sources */,
				E54827B51F191362005BEC40 /* PhotoCardEntity.m in Sources */,
				CECD517E1F36439200D634E3 /* PhotoCardDetailsModuleViewController.m in Sources */,
				E5B9527D1F151B1E00081C83 /* AuthorizationModulePresenter.m in Sources */,
				E54FBB291F1387DD0052F6CE /* FVAppDelegate.m in Sources */,
				CE60B2161F24151200099669 /* AssemblyFactory.m in Sources */,
				E5B9527E1F151B1E00081C83 /* AuthorizationModuleRouter.m in Sources */,
				E5328F781F161F840033A8EB /* PhotoCollectionModulePresenter.m in Sources */,
				E5B9527B1F151B1E00081C83 /* AuthorizationModuleAssembly.m in Sources */,
				CECD51761F36439200D634E3 /* PhotoCardDetailsModuleAssembly.m in Sources */,
				E5328F7A1F161F840033A8EB /* PhotoCollectionModuleViewController.m in Sources */,
				CE0864321F27D98A00F9D10E /* SettingsModuleInteractor.m in Sources */,
				E5819B8C1EC9A24E00B5B33F /* main.m in Sources */,
				CE0864341F27D98A00F9D10E /* SettingsModuleRouter.m in Sources */,
				E54FBB761F1387E30052F6CE /* TabBarModuleViewController.m in Sources */,
				CECD51791F36439200D634E3 /* PhotoCardDetailsModulePresenter.m in Sources */,
				E5328F5A1F1612C20033A8EB /* TabEntity.m in Sources */,
				E5B9527F1F151B1E00081C83 /* AuthorizationModuleViewController.m in Sources */,
				CE0864371F27D98A00F9D10E /* SettingsModuleViewController.m in Sources */,
				E54827B11F191233005BEC40 /* PhotoCollectionCell.m in Sources */,
				E54FBB751F1387E30052F6CE /* TabBarModuleRouter.m in Sources */,
				CECD517A1F36439200D634E3 /* PhotoCardDetailsModuleRouter.m in Sources */,
				E54FBB731F1387E30052F6CE /* TabBarModuleInteractor.m in Sources */,
				CE0864331F27D98A00F9D10E /* SettingsModulePresenter.m in Sources */,
				E5328F771F161F840033A8EB /* PhotoCollectionModuleInteractor.m in Sources */,
				CECD51781F36439200D634E3 /* PhotoCardDetailsModuleInteractor.m in Sources */,
				E54FBB741F1387E30052F6CE /* TabBarModulePresenter.m in Sources */,
				E54FBB721F1387E30052F6CE /* TabBarModuleAssembly.m in Sources */,
				E5328F791F161F840033A8EB /* PhotoCollectionModuleRouter.m in Sources */,
				CE0864301F27D98A00F9D10E /* SettingsModuleAssembly.m in Sources */,
				E5328F761F161F840033A8EB /* PhotoCollectionModuleAssembly.m in Sources */,
				CECD51541F3629B200D634E3 /* PhotoCollectionFlowLayout.m in Sources */,
			);
			runOnlyForDeploymentPostprocessing = 0;
		};
/* End PBXSourcesBuildPhase section */

/* Begin PBXVariantGroup section */
		E5819BAF1EC9B2CA00B5B33F /* LaunchScreen.storyboard */ = {
			isa = PBXVariantGroup;
			children = (
				E5819BB01EC9B2CA00B5B33F /* Base */,
			);
			name = LaunchScreen.storyboard;
			sourceTree = "<group>";
		};
		E5819BB11EC9B2CA00B5B33F /* Main.storyboard */ = {
			isa = PBXVariantGroup;
			children = (
				E5819BB21EC9B2CA00B5B33F /* Base */,
			);
			name = Main.storyboard;
			sourceTree = "<group>";
		};
/* End PBXVariantGroup section */

/* Begin XCBuildConfiguration section */
		E5819B9C1EC9A24E00B5B33F /* Debug */ = {
			isa = XCBuildConfiguration;
			buildSettings = {
				ALWAYS_SEARCH_USER_PATHS = NO;
				CLANG_ANALYZER_NONNULL = YES;
				CLANG_ANALYZER_NUMBER_OBJECT_CONVERSION = YES_AGGRESSIVE;
				CLANG_CXX_LANGUAGE_STANDARD = "gnu++0x";
				CLANG_CXX_LIBRARY = "libc++";
				CLANG_ENABLE_MODULES = YES;
				CLANG_ENABLE_OBJC_ARC = YES;
				CLANG_WARN_BOOL_CONVERSION = YES;
				CLANG_WARN_CONSTANT_CONVERSION = YES;
				CLANG_WARN_DIRECT_OBJC_ISA_USAGE = YES_ERROR;
				CLANG_WARN_DOCUMENTATION_COMMENTS = YES;
				CLANG_WARN_EMPTY_BODY = YES;
				CLANG_WARN_ENUM_CONVERSION = YES;
				CLANG_WARN_INFINITE_RECURSION = YES;
				CLANG_WARN_INT_CONVERSION = YES;
				CLANG_WARN_OBJC_ROOT_CLASS = YES_ERROR;
				CLANG_WARN_SUSPICIOUS_MOVE = YES;
				CLANG_WARN_UNREACHABLE_CODE = YES;
				CLANG_WARN__DUPLICATE_METHOD_MATCH = YES;
				"CODE_SIGN_IDENTITY[sdk=iphoneos*]" = "iPhone Developer";
				COPY_PHASE_STRIP = NO;
				DEBUG_INFORMATION_FORMAT = dwarf;
				ENABLE_STRICT_OBJC_MSGSEND = YES;
				ENABLE_TESTABILITY = YES;
				GCC_C_LANGUAGE_STANDARD = gnu99;
				GCC_DYNAMIC_NO_PIC = NO;
				GCC_NO_COMMON_BLOCKS = YES;
				GCC_OPTIMIZATION_LEVEL = 0;
				GCC_PREPROCESSOR_DEFINITIONS = (
					"DEBUG=1",
					"$(inherited)",
				);
				GCC_WARN_64_TO_32_BIT_CONVERSION = YES;
				GCC_WARN_ABOUT_RETURN_TYPE = YES_ERROR;
				GCC_WARN_UNDECLARED_SELECTOR = YES;
				GCC_WARN_UNINITIALIZED_AUTOS = YES_AGGRESSIVE;
				GCC_WARN_UNUSED_FUNCTION = YES;
				GCC_WARN_UNUSED_VARIABLE = YES;
				IPHONEOS_DEPLOYMENT_TARGET = 9.0;
				MTL_ENABLE_DEBUG_INFO = YES;
				ONLY_ACTIVE_ARCH = YES;
				SDKROOT = iphoneos;
			};
			name = Debug;
		};
		E5819B9D1EC9A24E00B5B33F /* Release */ = {
			isa = XCBuildConfiguration;
			buildSettings = {
				ALWAYS_SEARCH_USER_PATHS = NO;
				CLANG_ANALYZER_NONNULL = YES;
				CLANG_ANALYZER_NUMBER_OBJECT_CONVERSION = YES_AGGRESSIVE;
				CLANG_CXX_LANGUAGE_STANDARD = "gnu++0x";
				CLANG_CXX_LIBRARY = "libc++";
				CLANG_ENABLE_MODULES = YES;
				CLANG_ENABLE_OBJC_ARC = YES;
				CLANG_WARN_BOOL_CONVERSION = YES;
				CLANG_WARN_CONSTANT_CONVERSION = YES;
				CLANG_WARN_DIRECT_OBJC_ISA_USAGE = YES_ERROR;
				CLANG_WARN_DOCUMENTATION_COMMENTS = YES;
				CLANG_WARN_EMPTY_BODY = YES;
				CLANG_WARN_ENUM_CONVERSION = YES;
				CLANG_WARN_INFINITE_RECURSION = YES;
				CLANG_WARN_INT_CONVERSION = YES;
				CLANG_WARN_OBJC_ROOT_CLASS = YES_ERROR;
				CLANG_WARN_SUSPICIOUS_MOVE = YES;
				CLANG_WARN_UNREACHABLE_CODE = YES;
				CLANG_WARN__DUPLICATE_METHOD_MATCH = YES;
				"CODE_SIGN_IDENTITY[sdk=iphoneos*]" = "iPhone Developer";
				COPY_PHASE_STRIP = NO;
				DEBUG_INFORMATION_FORMAT = "dwarf-with-dsym";
				ENABLE_NS_ASSERTIONS = NO;
				ENABLE_STRICT_OBJC_MSGSEND = YES;
				GCC_C_LANGUAGE_STANDARD = gnu99;
				GCC_NO_COMMON_BLOCKS = YES;
				GCC_WARN_64_TO_32_BIT_CONVERSION = YES;
				GCC_WARN_ABOUT_RETURN_TYPE = YES_ERROR;
				GCC_WARN_UNDECLARED_SELECTOR = YES;
				GCC_WARN_UNINITIALIZED_AUTOS = YES_AGGRESSIVE;
				GCC_WARN_UNUSED_FUNCTION = YES;
				GCC_WARN_UNUSED_VARIABLE = YES;
				IPHONEOS_DEPLOYMENT_TARGET = 9.0;
				MTL_ENABLE_DEBUG_INFO = NO;
				SDKROOT = iphoneos;
				VALIDATE_PRODUCT = YES;
			};
			name = Release;
		};
		E5819B9F1EC9A24E00B5B33F /* Debug */ = {
			isa = XCBuildConfiguration;
			baseConfigurationReference = 8B98AE677D153303B28DCFD6 /* Pods-FlickrViper.debug.xcconfig */;
			buildSettings = {
				DEVELOPMENT_TEAM = ZXLCAVT38S;
				INFOPLIST_FILE = FlickrViper/Info.plist;
				LD_RUNPATH_SEARCH_PATHS = "$(inherited) @executable_path/Frameworks";
				PRODUCT_BUNDLE_IDENTIFIER = com.viper.test;
				PRODUCT_NAME = "$(TARGET_NAME)";
			};
			name = Debug;
		};
		E5819BA01EC9A24E00B5B33F /* Release */ = {
			isa = XCBuildConfiguration;
			baseConfigurationReference = B8F2EC9A2E46F3D10CBCC779 /* Pods-FlickrViper.release.xcconfig */;
			buildSettings = {
				DEVELOPMENT_TEAM = ZXLCAVT38S;
				INFOPLIST_FILE = FlickrViper/Info.plist;
				LD_RUNPATH_SEARCH_PATHS = "$(inherited) @executable_path/Frameworks";
				PRODUCT_BUNDLE_IDENTIFIER = com.viper.test;
				PRODUCT_NAME = "$(TARGET_NAME)";
			};
			name = Release;
		};
/* End XCBuildConfiguration section */

/* Begin XCConfigurationList section */
		E5819B821EC9A24E00B5B33F /* Build configuration list for PBXProject "FlickrViper" */ = {
			isa = XCConfigurationList;
			buildConfigurations = (
				E5819B9C1EC9A24E00B5B33F /* Debug */,
				E5819B9D1EC9A24E00B5B33F /* Release */,
			);
			defaultConfigurationIsVisible = 0;
			defaultConfigurationName = Release;
		};
		E5819B9E1EC9A24E00B5B33F /* Build configuration list for PBXNativeTarget "FlickrViper" */ = {
			isa = XCConfigurationList;
			buildConfigurations = (
				E5819B9F1EC9A24E00B5B33F /* Debug */,
				E5819BA01EC9A24E00B5B33F /* Release */,
			);
			defaultConfigurationIsVisible = 0;
			defaultConfigurationName = Release;
		};
/* End XCConfigurationList section */
	};
	rootObject = E5819B7F1EC9A24E00B5B33F /* Project object */;
}
